
Microsoft Visual Studio Solution File, Format Version 12.00
# Visual Studio Version 17
VisualStudioVersion = 17.1.31903.286
MinimumVisualStudioVersion = 10.0.40219.1
Project("{9A19103F-16F7-4668-BE54-9A1E7A4F7556}") = "ReadingListMaker", "ReadingListMaker\ReadingListMaker.csproj", "{DCAF457B-55C1-46F1-9600-F5B4B64B4194}"
EndProject
Project("{FAE04EC0-301F-11D3-BF4B-00C04F79EFBC}") = "ReadingListMakerTests", "ReadingListMakerTests\ReadingListMakerTests.csproj", "{10467918-D270-4F55-8513-0E5E1AE0360D}"
EndProject
Global
	GlobalSection(SolutionConfigurationPlatforms) = preSolution
		Debug|Any CPU = Debug|Any CPU
		Release|Any CPU = Release|Any CPU
	EndGlobalSection
	GlobalSection(ProjectConfigurationPlatforms) = postSolution
		{DCAF457B-55C1-46F1-9600-F5B4B64B4194}.Debug|Any CPU.ActiveCfg = Debug|Any CPU
		{DCAF457B-55C1-46F1-9600-F5B4B64B4194}.Debug|Any CPU.Build.0 = Debug|Any CPU
		{DCAF457B-55C1-46F1-9600-F5B4B64B4194}.Release|Any CPU.ActiveCfg = Release|Any CPU
		{DCAF457B-55C1-46F1-9600-F5B4B64B4194}.Release|Any CPU.Build.0 = Release|Any CPU
		{10467918-D270-4F55-8513-0E5E1AE0360D}.Debug|Any CPU.ActiveCfg = Debug|Any CPU
		{10467918-D270-4F55-8513-0E5E1AE0360D}.Debug|Any CPU.Build.0 = Debug|Any CPU
		{10467918-D270-4F55-8513-0E5E1AE0360D}.Release|Any CPU.ActiveCfg = Release|Any CPU
		{10467918-D270-4F55-8513-0E5E1AE0360D}.Release|Any CPU.Build.0 = Release|Any CPU
	EndGlobalSection
	GlobalSection(SolutionProperties) = preSolution
		HideSolutionNode = FALSE
	EndGlobalSection
	GlobalSection(ExtensibilityGlobals) = postSolution
		SolutionGuid = {C412A3C9-F248-4CFD-A8A1-EAE1E47BCB6D}
	EndGlobalSection
EndGlobal
